
Microsoft Visual Studio Solution File, Format Version 12.00
# Visual Studio Version 16
VisualStudioVersion = 16.0.29102.190
MinimumVisualStudioVersion = 10.0.40219.1
Project("{FAE04EC0-301F-11D3-BF4B-00C04F79EFBC}") = "WpfApp1", "WpfApp1.csproj", "{D29BEC8C-D009-4E7C-B1F4-51D1141D963A}"
EndProject
Global
	GlobalSection(SolutionConfigurationPlatforms) = preSolution
		Debug|Any CPU = Debug|Any CPU
		Release|Any CPU = Release|Any CPU
	EndGlobalSection
	GlobalSection(ProjectConfigurationPlatforms) = postSolution
		{D29BEC8C-D009-4E7C-B1F4-51D1141D963A}.Debug|Any CPU.ActiveCfg = Debug|Any CPU
		{D29BEC8C-D009-4E7C-B1F4-51D1141D963A}.Debug|Any CPU.Build.0 = Debug|Any CPU
		{D29BEC8C-D009-4E7C-B1F4-51D1141D963A}.Release|Any CPU.ActiveCfg = Release|Any CPU
		{D29BEC8C-D009-4E7C-B1F4-51D1141D963A}.Release|Any CPU.Build.0 = Release|Any CPU
	EndGlobalSection
	GlobalSection(SolutionProperties) = preSolution
		HideSolutionNode = FALSE
	EndGlobalSection
	GlobalSection(ExtensibilityGlobals) = postSolution
		SolutionGuid = {DD876089-43F0-41BA-A72A-A9A94376EF69}
	EndGlobalSection
EndGlobal
